# This file is generated by running "yarn install" inside your project.
# Manual changes might be lost - proceed with caution!

__metadata:
  version: 4
  cacheKey: 5

"@dezren39/chunk-text@npm:^1.1.1":
  version: 1.1.1
  resolution: "@dezren39/chunk-text@npm:1.1.1"
  dependencies:
    runes: ^0.4.3
  bin:
    chunk: bin/server.js
    chunk-text: bin/server.js
  checksum: 404d9c39f2a534d33f7b0d62c5bd94a3ce94c48f5c49e8dad9d622a11adf17b31c0fb2fd1855f57a644b7ce1f672635f6dc9af89ae5b2dc4a9aeca5aeb33db78
  languageName: node
  linkType: hard

"@types/caseless@npm:*":
  version: 0.12.2
  resolution: "@types/caseless@npm:0.12.2"
  checksum: 492343e49987f92550c10efe9052f7307ced5d9c3acf7796cda206909b369746e4fcf3bdb061eed6b27dd03482bb6e3b6ec856aa30c4f565893dc18cc8341027
  languageName: node
  linkType: hard

"@types/node@npm:*":
  version: 14.0.20
  resolution: "@types/node@npm:14.0.20"
  checksum: a5a13825cdd5d10a0f841216325023bb6924a56c468d86943fae9f3d6c350b9e41746960006cf71cb427df662cdeff205ea1b25827738859e5de747147c00bef
  languageName: node
  linkType: hard

"@types/node@npm:^8.10.50":
  version: 8.10.61
  resolution: "@types/node@npm:8.10.61"
  checksum: 1c16ac591e75560677e3a9ea5a1cb01d0c587b106535b462b201e1f212a10368cb4e8af83a1563a0d0a607abcfe40f802df1d5c3891e7d70aa0c1b2a57df228d
  languageName: node
  linkType: hard

"@types/request@npm:^2.48.2":
  version: 2.48.5
  resolution: "@types/request@npm:2.48.5"
  dependencies:
    "@types/caseless": "*"
    "@types/node": "*"
    "@types/tough-cookie": "*"
    form-data: ^2.5.0
  checksum: 74f1a250cab068aec594cede9e57508e0b63d46110dd5d62611f087a4c0e9b524884b1d76f128e5ee86d3d91a40587986d85567b567653cd3e30873686ab195d
  languageName: node
  linkType: hard

"@types/tough-cookie@npm:*":
  version: 4.0.0
  resolution: "@types/tough-cookie@npm:4.0.0"
  checksum: 5a0cccc6d073b84dbb48d603e692b55ac30cea1653a7fc813e97a3bcaa9edd97c703c15727378d632e416a90178e6da657151eba8175cbb201a9a98de22ac3a8
  languageName: node
  linkType: hard

"abbrev@npm:1":
  version: 1.1.1
  resolution: "abbrev@npm:1.1.1"
  checksum: 9f9236a3cc7f56c167be3aa81c77fcab2e08dfb8047b7861b91440f20b299b9442255856bdbe9d408d7e96a0b64a36e1c27384251126962490b4eee841b533e0
  languageName: node
  linkType: hard

"ajv@npm:^6.5.5":
  version: 6.12.3
  resolution: "ajv@npm:6.12.3"
  dependencies:
    fast-deep-equal: ^3.1.1
    fast-json-stable-stringify: ^2.0.0
    json-schema-traverse: ^0.4.1
    uri-js: ^4.2.2
  checksum: b20a171bf30ede1635c6b1955bcc1db5a6b3e7dfa77f75aace9fb0db87375430c46d5cdd84158a0bf0a8da91e4da97bdb1afe5604a0969d8468b7c11143fdbba
  languageName: node
  linkType: hard

"asn1@npm:~0.2.3":
  version: 0.2.4
  resolution: "asn1@npm:0.2.4"
  dependencies:
    safer-buffer: ~2.1.0
  checksum: 5743ace942e2faa0b72f3b14bf1826509c5ca707ea150c10520f52b04f90aa715cee4370ec2e6279ce1ceb7d3c472ca33270124e90b495bea4c9b02f41b9d8ac
  languageName: node
  linkType: hard

"assert-plus@npm:1.0.0, assert-plus@npm:^1.0.0":
  version: 1.0.0
  resolution: "assert-plus@npm:1.0.0"
  checksum: 1bda24f67343ccb75a7eee31179c92cf9f79bd6f6bc24101b0ce1495ef979376dd9b0f9b9064812bba564cdade5fbf851ed76b4a44b5e141d49cdaee6ffed6b2
  languageName: node
  linkType: hard

"asynckit@npm:^0.4.0":
  version: 0.4.0
  resolution: "asynckit@npm:0.4.0"
  checksum: a024000b9ddd938e2f27b3cb8188f96a5e1fff58185e98b84862fc4e01de279a547874a800340c2b106bb9de9b0fc61c6c683bc6892abf65e6be29a96addafd3
  languageName: node
  linkType: hard

"aws-sign2@npm:~0.7.0":
  version: 0.7.0
  resolution: "aws-sign2@npm:0.7.0"
  checksum: 7162b9b8fbd4cf451bd889b0ed27fc895f88e6a6cb5c5609de49759ea1a6e31646f86ca8e18d90bea0455c4caa466fc9692c1098a1784d2372a358cb68c1eea6
  languageName: node
  linkType: hard

"aws4@npm:^1.8.0":
  version: 1.10.0
  resolution: "aws4@npm:1.10.0"
  checksum: f8c20a0031a2ae88bb29a89d5e5f8139eb0cc8aa964d0a8d69a476a4b0f6cf3954e3dd40bd08cea69c95ee31e2e69226d82e804628261a2375223ac67582009d
  languageName: node
  linkType: hard

"bcrypt-pbkdf@npm:^1.0.0":
  version: 1.0.2
  resolution: "bcrypt-pbkdf@npm:1.0.2"
  dependencies:
    tweetnacl: ^0.14.3
  checksum: 3f57eb99bbc02352f68ff31e446997f4d21cc9a5e5286449dc1fe0116ec5dac5a4aa538967d45714fa9320312d2be8d16126f2d357da1dd40a3d546b96e097ed
  languageName: node
  linkType: hard

"binary@npm:^0.3.0":
  version: 0.3.0
  resolution: "binary@npm:0.3.0"
  dependencies:
    buffers: ~0.1.1
    chainsaw: ~0.1.0
  checksum: a1000731bc1728455346b15a4e96d0944fbecaac1e7584178c89b28859a239918726a2e6a652e6f3c2ccdd4596dd818c4b7a8d06ef84b3598ce776a5f23e7562
  languageName: node
  linkType: hard

"buffers@npm:~0.1.1":
  version: 0.1.1
  resolution: "buffers@npm:0.1.1"
  checksum: d6611129153fde61e34cf1c7a858e08d887a5625e7f82349ee9bb2ee775809b5d6ce6cb8c421511060b16f8b3fc801138c0317e26e55658f8d3e15b2a04dd3c3
  languageName: node
  linkType: hard

"caseless@npm:~0.12.0":
  version: 0.12.0
  resolution: "caseless@npm:0.12.0"
  checksum: 147f48bff9bebf029d7050e2335da3f8d295f26d157edf08d8c3282c804dae04a462c4cd6efa8179755686aa3aeaca5c28f3e7f3559698bc0484c65e46c36c5b
  languageName: node
  linkType: hard

"chainsaw@npm:~0.1.0":
  version: 0.1.0
  resolution: "chainsaw@npm:0.1.0"
  dependencies:
    traverse: ">=0.3.0 <0.4"
  checksum: a649a072026eab986a87cc16affd9297f7a80c96ccc30fef3b3a4ec8507a55dd02fed155114c9b865c65be863ca5bf9eb72d7956745fdf3c3aac22a1db25de1e
  languageName: node
  linkType: hard

"combined-stream@npm:^1.0.6, combined-stream@npm:~1.0.6":
  version: 1.0.8
  resolution: "combined-stream@npm:1.0.8"
  dependencies:
    delayed-stream: ~1.0.0
  checksum: 5791ce7944530f0db74a97e77ea28b6fdbf89afcf038e41d6b4195019c4c803cd19ed2905a54959e5b3830d50bd5d6f93c681c6d3aaea8614ad43b48e62e9d65
  languageName: node
  linkType: hard

"commander@npm:^2.20.0":
  version: 2.20.3
  resolution: "commander@npm:2.20.3"
  checksum: b73428e97de7624323f81ba13f8ed9271de487017432d18b4da3f07cfc528ad754bbd199004bd5d14e0ccd67d1fdfe0ec8dbbd4c438b401df3c4cc387bfd1daa
  languageName: node
  linkType: hard

"core-util-is@npm:1.0.2, core-util-is@npm:~1.0.0":
  version: 1.0.2
  resolution: "core-util-is@npm:1.0.2"
  checksum: 089015ee3c462dfceba70faa1df83b42a7bb35db26dae6af283247b06fe3216c65fccd9f00eebcaf98300dc31e981d56aae9f90b624f8f6ff1153e235ff88b65
  languageName: node
  linkType: hard

"cross-fetch@npm:^3.0.0":
  version: 3.0.5
  resolution: "cross-fetch@npm:3.0.5"
  dependencies:
    node-fetch: 2.6.0
  checksum: 99f0f4ae222c611bfd45c176e95335ffb4046c662e349afcdcfad8edf9a76cefb68e6dfb6707cddf0ad23d231290346a76d70ba1205f8af4cb335eb52321b4bc
  languageName: node
  linkType: hard

"dashdash@npm:^1.12.0":
  version: 1.14.1
  resolution: "dashdash@npm:1.14.1"
  dependencies:
    assert-plus: ^1.0.0
  checksum: 5959409ee42dc4bdbf3fa384b801ece580ca336658bb0342ffab0099b3fc6bf9b3e239e1b82dcc4fcaeee315353e08f2eae47b0928a6a579391598c44958afa1
  languageName: node
  linkType: hard

"debug@npm:^3.2.6":
  version: 3.2.6
  resolution: "debug@npm:3.2.6"
  dependencies:
    ms: ^2.1.1
  checksum: 619feb53b115f1a8341365b8aa58a8757e6632738587d4b61b25627b74891211cb20e31fdbea37fec766e575a60cf456f7a02d6f9eddfdcef80caa6a4b0fc042
  languageName: node
  linkType: hard

"debug@npm:^4.1.0":
  version: 4.1.1
  resolution: "debug@npm:4.1.1"
  dependencies:
    ms: ^2.1.1
  checksum: 3601a6ce96e4698ed3edf0ee6e67ef0317adfcdae2f66a43b23d1b14e8888b422337429b16dbbcba6801e7bfa6cbb8de3128fbacfb8ae1cd9bd7615ea6baf970
  languageName: node
  linkType: hard

"decompress-zip@npm:^0.3.2":
  version: 0.3.2
  resolution: "decompress-zip@npm:0.3.2"
  dependencies:
    binary: ^0.3.0
    graceful-fs: ^4.1.3
    mkpath: ^0.1.0
    nopt: ^3.0.1
    q: ^1.1.2
    readable-stream: ^1.1.8
    touch: 0.0.3
  bin:
    decompress-zip: bin/decompress-zip
  checksum: cf5ae54b58fb091aeddfcd928e3566a3e4331f8de386175adf60aa68fd884289ce57818347af3f78f30616c947c9b85768a8c9375e261fcbf36841f40c1764e9
  languageName: node
  linkType: hard

"delayed-stream@npm:~1.0.0":
  version: 1.0.0
  resolution: "delayed-stream@npm:1.0.0"
  checksum: d9dfb0a7c79fd308fada9db2cf29d1ff22047ceb50dd78f7e3c173567909b438f418259cb76a6d9c9f513e88ef41d3a14154f618741ec8368c3efeff616d0c9f
  languageName: node
  linkType: hard

"dotenv@npm:^8.0.0, dotenv@npm:^8.2.0":
  version: 8.2.0
  resolution: "dotenv@npm:8.2.0"
  checksum: 16cb89cbd7b98b053899b8aba8c5044c8fb61a2db8a81fe70360b75035fce5fed53bd7a34d772be717d0880c0321122a4c09423f518025e1b52d96791521b1a7
  languageName: node
  linkType: hard

"ecc-jsbn@npm:~0.1.1":
  version: 0.1.2
  resolution: "ecc-jsbn@npm:0.1.2"
  dependencies:
    jsbn: ~0.1.0
    safer-buffer: ^2.1.0
  checksum: 5b4dd05f24b2b94c1bb882488dba2b878bb5b83182669aa71fbdf53c6941618180cb226c4eb9a3e2fa51ad11f87b5edb0a7d7289cdef468ba2e6024542f73f07
  languageName: node
  linkType: hard

"extend@npm:~3.0.2":
  version: 3.0.2
  resolution: "extend@npm:3.0.2"
  checksum: 1406da1f0c4b00b839497e4cdd0ec4303ce2ae349144b7c28064a5073c93ce8c08da4e8fb1bc5cb459ffcdff30a35fc0fe54344eb88320e70100c1baea6f195c
  languageName: node
  linkType: hard

"extsprintf@npm:1.3.0":
  version: 1.3.0
  resolution: "extsprintf@npm:1.3.0"
  checksum: 892efd56aa9b27cbfbca42ad0c59308633f66000e71d1fb19c6989ea7309b32f3ff281778871bd2ce9bc7f3ad02515aa2783cea0323d0f6ff840b7c6a6a4603e
  languageName: node
  linkType: hard

"extsprintf@npm:^1.2.0":
  version: 1.4.0
  resolution: "extsprintf@npm:1.4.0"
  checksum: 092e011574324c5cddd78b5a27f869c2703613c1140eb7763aef8f5b0e33769a9b4c7dbcc50acd39b6afebe79bf66adcec73bf3c84e095c5bcfb42306d128ad0
  languageName: node
  linkType: hard

"fast-deep-equal@npm:^3.1.1":
  version: 3.1.3
  resolution: "fast-deep-equal@npm:3.1.3"
  checksum: 451526766b219503131d11e823eaadd1533080b0be4860e316670b039dcaf31cd1007c2fe036a9b922abba7c040dfad5e942ed79d21f2ff849e50049f36e0fb7
  languageName: node
  linkType: hard

"fast-json-stable-stringify@npm:^2.0.0":
  version: 2.1.0
  resolution: "fast-json-stable-stringify@npm:2.1.0"
  checksum: 7df3fabfe445d65953b2d9d9d3958bd895438b215a40fb87dae8b2165c5169a897785eb5d51e6cf0eb03523af756e3d82ea01083f6ac6341fe16db532fee3016
  languageName: node
  linkType: hard

"forever-agent@npm:~0.6.1":
  version: 0.6.1
  resolution: "forever-agent@npm:0.6.1"
  checksum: 9cc0054dd4ea5fc26e014b8c929d1fb9247e931e81165cbd965a712061d65fb84791b2124f64cd79492e516662b94068d29fe1d824732382237321b3f61955fe
  languageName: node
  linkType: hard

"form-data@npm:^2.5.0":
  version: 2.5.1
  resolution: "form-data@npm:2.5.1"
  dependencies:
    asynckit: ^0.4.0
    combined-stream: ^1.0.6
    mime-types: ^2.1.12
  checksum: c46ee9a14a8678b6e0dfafabc96e25237d9f11ced9c51cd371a2b3448f6a3f2fa684b3bbbb35911bae8f5448b3f3c48c73f7f2be791a4ae5aee0eb0ab3cdfec2
  languageName: node
  linkType: hard

"form-data@npm:~2.3.2":
  version: 2.3.3
  resolution: "form-data@npm:2.3.3"
  dependencies:
    asynckit: ^0.4.0
    combined-stream: ^1.0.6
    mime-types: ^2.1.12
  checksum: 862e686b105634222db77138d5f5ae08ba85f88c04925de5be86b2b9d03cf671d86566ad10f1dd5217634c0f1634069dfc1a663a1cc13e8fbac0ce8f670ad070
  languageName: node
  linkType: hard

"fs@npm:^0.0.1-security":
  version: 0.0.1-security
  resolution: "fs@npm:0.0.1-security"
  checksum: d23d3c0dd42fd11508e5f8d265375c676816adf398f61bfc3e2635e6e8ca323fd1f530d5dd5f87e4fca54296efb5ddf8a382b99f1ac243ac0a8b4b1cae8f5fac
  languageName: node
  linkType: hard

"getpass@npm:^0.1.1":
  version: 0.1.7
  resolution: "getpass@npm:0.1.7"
  dependencies:
    assert-plus: ^1.0.0
  checksum: 2650725bc6939616da8432e5351ca87d8b29421bb8dc19c21bad2c37cd337d2a50d36fcc398ce0c16a075f6079afe114131780dca7e2f4b96063e53e7d28fd7a
  languageName: node
  linkType: hard

"graceful-fs@npm:^4.1.3":
  version: 4.2.4
  resolution: "graceful-fs@npm:4.2.4"
  checksum: d095ee4dc6eacc76814cd52d5d185b860119378a6fd4888e7d4e94983095c54d4f6369942a5e3d759cdbdd4e3ee7eaeb27a39ff938c6ee4610894fd9de46b6cb
  languageName: node
  linkType: hard

"har-schema@npm:^2.0.0":
  version: 2.0.0
  resolution: "har-schema@npm:2.0.0"
  checksum: e27ac33a968b8a3b2cc32e53afaec8aa795d08b058ef9b09b3bbce74db7ecadcabf60a6186e3bb901335d2c72bbf9e2af59429d736b5e80dc0edf18b3e1c5860
  languageName: node
  linkType: hard

"har-validator@npm:~5.1.3":
  version: 5.1.3
  resolution: "har-validator@npm:5.1.3"
  dependencies:
    ajv: ^6.5.5
    har-schema: ^2.0.0
  checksum: 64cb2294c1eceba077280e31d7059e54a99aca442ade03b7e14af3d715f7f1c01c6e1a6df21252b0aff9bea7b06fc10539bb99ebe1acf46321e97f197bbb932b
  languageName: node
  linkType: hard

"http-signature@npm:~1.2.0":
  version: 1.2.0
  resolution: "http-signature@npm:1.2.0"
  dependencies:
    assert-plus: ^1.0.0
    jsprim: ^1.2.2
    sshpk: ^1.7.0
  checksum: d28227eed37cb0dae0e76c46b2a5e611c678808433e5642238f17dba7f2c9c8f8d1646122d57ec1a110ecc7e8b9f5b7aa0462f1e2a5fa3b41f2fca5a69af7edf
  languageName: node
  linkType: hard

"iconv-lite@npm:^0.4.4":
  version: 0.4.24
  resolution: "iconv-lite@npm:0.4.24"
  dependencies:
    safer-buffer: ">= 2.1.2 < 3"
  checksum: a9b9521066ee81853a8561e92bd7240bc5d3b7d5ef7da807a475e7858b0246e318b6af518c30a20a8749ef5eafeaa9631079446e4e696c7b60f468b34dc2cbfc
  languageName: node
  linkType: hard

"inherits@npm:~2.0.1":
  version: 2.0.4
  resolution: "inherits@npm:2.0.4"
  checksum: 98426da247ddfc3dcd7d7daedd90c3ca32d5b08deca08949726f12d49232aef94772a07b36cf4ff833e105ae2ef931777f6de4a6dd8245a216b9299ad4a50bea
  languageName: node
  linkType: hard

"is-typedarray@npm:~1.0.0":
  version: 1.0.0
  resolution: "is-typedarray@npm:1.0.0"
  checksum: 4e21156e7360a5916eded35c5938adf6278299a8055640864eebb251e4351cd605beccddf9af27477e19f753d453412fe0c21379bb54b55cfdf5add263076959
  languageName: node
  linkType: hard

"isarray@npm:0.0.1":
  version: 0.0.1
  resolution: "isarray@npm:0.0.1"
  checksum: daeda3c23646200b0b464b7a9030d10008d7701fc6b7a1b45cafe42b4f4d2dde20835b56f19a49e04bb218245b7f7a2bcc6d0f696cff3711e4eddaa2031c611f
  languageName: node
  linkType: hard

"isstream@npm:~0.1.2":
  version: 0.1.2
  resolution: "isstream@npm:0.1.2"
  checksum: 8e6e5c4cf1823562db7035d2e7bac388412060fe9bc6727eca8c608def5aa57709165c51c2e68a2fce6ff0b64d79489501b84715060c5e8a477b87b6cbcd1eca
  languageName: node
  linkType: hard

"jsbn@npm:~0.1.0":
  version: 0.1.1
  resolution: "jsbn@npm:0.1.1"
  checksum: b530d48a64e6aff9523407856a54c5b9beee30f34a410612057f4fa097d90072fc8403c49604dacf0c3e7620dca43c2b7f0de3f954af611e43716a254c46f6f5
  languageName: node
  linkType: hard

"json-schema-traverse@npm:^0.4.1":
  version: 0.4.1
  resolution: "json-schema-traverse@npm:0.4.1"
  checksum: 6f71bddba38aa043cf9c05ff9cf37158a6657909f1dd37032ba164b76923da47a17bb4592ee4f7f9c029dfaf26965b821ac214c1f991bb3bd038c9cfea2da50b
  languageName: node
  linkType: hard

"json-schema@npm:0.2.3":
  version: 0.2.3
  resolution: "json-schema@npm:0.2.3"
  checksum: d382ea841f0af5cf6ae3b63043c6ddbd144086de52342b5dd32d8966872dce1e0ed280f6b27c5fba97e50cf8640f27b593e039cb95df365718ada03ef0feb9f2
  languageName: node
  linkType: hard

"json-stringify-safe@npm:^5.0.1, json-stringify-safe@npm:~5.0.1":
  version: 5.0.1
  resolution: "json-stringify-safe@npm:5.0.1"
  checksum: 261dfb8eb3e72c8b0dda11fd7c20c151ffc1d1b03e529245d51708c8dd8d8c6a225880464adf41a570dff6e5c805fd9d1f47fed948cfb526e4fbe5a67ce4e5f4
  languageName: node
  linkType: hard

"jsprim@npm:^1.2.2":
  version: 1.4.1
  resolution: "jsprim@npm:1.4.1"
  dependencies:
    assert-plus: 1.0.0
    extsprintf: 1.3.0
    json-schema: 0.2.3
    verror: 1.10.0
  checksum: ee0177b7ef39e6becf18c586d31fabe15d62be88e7867d3aff86466e4a3de9a2cd47b6e597417aebc1cd3c2d43bc662e79ab5eecdadf3ce0643e909432ed6d2c
  languageName: node
  linkType: hard

"lodash@npm:^4.17.13, lodash@npm:^4.17.15":
  version: 4.17.19
  resolution: "lodash@npm:4.17.19"
  checksum: ff2b7a95f0129dba9101e346d44e0eda0f159d76bbbf23721eec1969b87a32bde3de0cfef0733218c64620e9be08040a973278d46a686540233b356115f3527c
  languageName: node
  linkType: hard

"mime-db@npm:1.44.0":
  version: 1.44.0
  resolution: "mime-db@npm:1.44.0"
  checksum: b4e3b2141418572fba9786f7e36324faef15e23032ad0871f56760cb304ee721ba4c8cc795d3c1cac69a2a8b94045c1d6b08c4a8d1ef6ba1226a3a5193915c57
  languageName: node
  linkType: hard

"mime-types@npm:^2.1.12, mime-types@npm:~2.1.19":
  version: 2.1.27
  resolution: "mime-types@npm:2.1.27"
  dependencies:
    mime-db: 1.44.0
  checksum: 51fe2f2c08c10ac7a2f67e2ce5de30f6500faa88d095418a1ab6e90e30960db7c682a8ecce60d3d4e293ac52c4700ca99399833db998ea9ec83d6f0503b70a94
  languageName: node
  linkType: hard

"mkpath@npm:^0.1.0":
  version: 0.1.0
  resolution: "mkpath@npm:0.1.0"
  checksum: 9a4be2d4008fe27e1948faa72fbdabc375af2ed8e5ef5ca1cad6fc1bd2fef3206ad7752ad38f3eb1ae5f6c10ed243cfe2d7ea13703b6071d86d88b15cadd098f
  languageName: node
  linkType: hard

"ms@npm:^2.1.1":
  version: 2.1.2
  resolution: "ms@npm:2.1.2"
  checksum: 9b65fb709bc30c0c07289dcbdb61ca032acbb9ea5698b55fa62e2cebb04c5953f1876a1f3f7f4bc2e91d4bf4d86003f3e207c3bc6ee2f716f99827e62389cd0e
  languageName: node
  linkType: hard

"needle@npm:^2.3.3":
  version: 2.5.0
  resolution: "needle@npm:2.5.0"
  dependencies:
    debug: ^3.2.6
    iconv-lite: ^0.4.4
    sax: ^1.2.4
  bin:
    needle: bin/needle
  checksum: b50cef343e8f1037ddc727949d9e3243a9e175a2e935d5ac8f7f1434a47c6433c869c8accf270942196014a9f65ea1911a3d032455a380c9e27b66c74b7c6889
  languageName: node
  linkType: hard

"ngrok@npm:^3.2.1":
  version: 3.2.7
  resolution: "ngrok@npm:3.2.7"
  dependencies:
    "@types/node": ^8.10.50
    "@types/request": ^2.48.2
    decompress-zip: ^0.3.2
    request: ^2.88.0
    request-promise-native: ^1.0.7
    uuid: ^3.3.2
  bin:
    ngrok: ./bin/ngrok
  checksum: b49ac656803095ce633d9f34671a7ecd496a7258bc7e2947cb53e2233c68561050f269411feb89eb2e5cfe83164677e633dc204133789f4a0f43d4f2e8a2a592
  languageName: node
  linkType: hard

"nock@npm:^12.0.2":
  version: 12.0.3
  resolution: "nock@npm:12.0.3"
  dependencies:
    debug: ^4.1.0
    json-stringify-safe: ^5.0.1
    lodash: ^4.17.13
    propagate: ^2.0.0
  checksum: 135b0be475ffd94b5cb1043e3d2de9061084d83c16e295c787eacf671682bf57c41df121efb17eb7bd4e8f5ef54008989d622e352a9ad57f5cacfdfd28b46894
  languageName: node
  linkType: hard

"node-fetch@npm:2.6.0":
  version: 2.6.0
  resolution: "node-fetch@npm:2.6.0"
  checksum: dd9f586a9f7ddb7dd94d2aba9cb693d32f5001e9850098512fbc8a4cbdd56838afa08ed0a6725b9fce9b01ec12b713e622cbfc16d92762d8b937b238330a632a
  languageName: node
  linkType: hard

"nopt@npm:^3.0.1":
  version: 3.0.6
  resolution: "nopt@npm:3.0.6"
  dependencies:
    abbrev: 1
  bin:
    nopt: ./bin/nopt.js
  checksum: cb2105d5286b96243d8b71964ccbce04aa8776d6479b8a3b567c2b5b3da86b35ff2b95c22e443337724d13acb60db9b107c64851424d9d60a088a461a976da29
  languageName: node
  linkType: hard

"nopt@npm:~1.0.10":
  version: 1.0.10
  resolution: "nopt@npm:1.0.10"
  dependencies:
    abbrev: 1
  bin:
    nopt: ./bin/nopt.js
  checksum: fb74743e70abbabfdfa828be4b85ba7261ebdff439a9d5edc7a86871ddc45d4741e0724df91dff0a274ea4d3b6ef458c3c35a14ca97e53a6fe24264ff1d45a66
  languageName: node
  linkType: hard

"oauth-1.0a@npm:^2.2.4":
  version: 2.2.6
  resolution: "oauth-1.0a@npm:2.2.6"
  checksum: 9a8a3197bdf6c5ec2b44a5e89f3ef98398c5ffdb78108da5895901c27e25a6897fb810d671ea15fdc70484a9908b4d3620defed9e648c6dd5411354eb8d0eb15
  languageName: node
  linkType: hard

"oauth-sign@npm:~0.9.0":
  version: 0.9.0
  resolution: "oauth-sign@npm:0.9.0"
  checksum: af1ab60297c3a687d1d2de5c43c6453c4df6939de3e6114ada4a486ac51fa7ab1769f33000b94c0e8ffced5ae4c57c4f5d36b517792d83e9e9742578a728682e
  languageName: node
  linkType: hard

"performance-now@npm:^2.1.0":
  version: 2.1.0
  resolution: "performance-now@npm:2.1.0"
  checksum: bb4ebed0b03d6c3ad3ae4eddd1182c895d385cff9096af441c19c130aaae3ea70229438ebc3297dfc52c86022f6becf177a810050823d01bf5280779cd2de624
  languageName: node
  linkType: hard

"prettier@npm:^2.0.5":
  version: 2.0.5
  resolution: "prettier@npm:2.0.5"
  bin:
    prettier: bin-prettier.js
  checksum: d249d89361870a29b20e8b268cb09e908490b8c9e21f70393d12a213701f29ba7e95b7f9ce0ad63929c16ce475176742481911737ae3da4a498873e4a3b90990
  languageName: node
  linkType: hard

"propagate@npm:^2.0.0":
  version: 2.0.1
  resolution: "propagate@npm:2.0.1"
  checksum: dd67518106bb3f1ee230b7e246a18285467e010b89703844f120c38e1462b52d79bddd4be0f8db080377a3d55218209674eae9eb672c29a033bf6b44cfc42828
  languageName: node
  linkType: hard

"psl@npm:^1.1.28":
  version: 1.8.0
  resolution: "psl@npm:1.8.0"
  checksum: 92d47c6257456878bfa8190d76b84de69bcefdc129eeee3f9fe204c15fd08d35fe5b8627033f39b455e40a9375a1474b25ff4ab2c5448dd8c8f75da692d0f5b4
  languageName: node
  linkType: hard

"punycode@npm:^2.1.0, punycode@npm:^2.1.1":
  version: 2.1.1
  resolution: "punycode@npm:2.1.1"
  checksum: 0202dc191cb35bfd88870ac99a1e824b03486d4cee20b543ef337a6dee8d8b11017da32a3e4c40b69b19976e982c030b62bd72bba42884acb691bc5ef91354c8
  languageName: node
  linkType: hard

"q@npm:^1.1.2":
  version: 1.5.1
  resolution: "q@npm:1.5.1"
  checksum: f610c1295a4f1b334affbe5333bc8c6160b907d011a62f1c6d05d4ca985535ea271fd8684e1e655b4659cc5b71f5be9ac4ccc84482d869b5a0576955598a7dca
  languageName: node
  linkType: hard

"qs@npm:~6.5.2":
  version: 6.5.2
  resolution: "qs@npm:6.5.2"
  checksum: fa0410eff2c05ce3328e11f82db4015e7819c986ee056d6b62b06ae112f4929af09ea3b879ca168ff9f0338f50972bba487ad0e46c879e42bfaf63c3c2ea7f09
  languageName: node
  linkType: hard

"readable-stream@npm:^1.1.8":
  version: 1.1.14
  resolution: "readable-stream@npm:1.1.14"
  dependencies:
    core-util-is: ~1.0.0
    inherits: ~2.0.1
    isarray: 0.0.1
    string_decoder: ~0.10.x
  checksum: e4c30b6b8495c11fc83e1b5fcb03b378127d93c953413973a25500991d0bf2b2e158e329d0f56d294e24a61c7751b874570158f24f97ebacb8a5f2fdcc05a0ec
  languageName: node
  linkType: hard

"request-promise-core@npm:1.1.3":
  version: 1.1.3
  resolution: "request-promise-core@npm:1.1.3"
  dependencies:
    lodash: ^4.17.15
  peerDependencies:
    request: ^2.34
  checksum: 1235a6071b8a59c771d7c006dcc16e13ef0069a1248c9d5c95ab2f510fe42c9889e99b49a43fdeb331a47be0b93c85fb69a40ea72ed6c0011713026dfc0453ca
  languageName: node
  linkType: hard

"request-promise-native@npm:^1.0.7":
  version: 1.0.8
  resolution: "request-promise-native@npm:1.0.8"
  dependencies:
    request-promise-core: 1.1.3
    stealthy-require: ^1.1.1
    tough-cookie: ^2.3.3
  peerDependencies:
    request: ^2.34
  checksum: 29986fe3ccd11e644d60175ea81c7fbadcbe943ee6f551cad062024e6f92a5a2163d3f3af1c9e5a573641d1625377c8c716245b3a4a4e5b3811e8558126720e7
  languageName: node
  linkType: hard

"request@npm:^2.88.0":
  version: 2.88.2
  resolution: "request@npm:2.88.2"
  dependencies:
    aws-sign2: ~0.7.0
    aws4: ^1.8.0
    caseless: ~0.12.0
    combined-stream: ~1.0.6
    extend: ~3.0.2
    forever-agent: ~0.6.1
    form-data: ~2.3.2
    har-validator: ~5.1.3
    http-signature: ~1.2.0
    is-typedarray: ~1.0.0
    isstream: ~0.1.2
    json-stringify-safe: ~5.0.1
    mime-types: ~2.1.19
    oauth-sign: ~0.9.0
    performance-now: ^2.1.0
    qs: ~6.5.2
    safe-buffer: ^5.1.2
    tough-cookie: ~2.5.0
    tunnel-agent: ^0.6.0
    uuid: ^3.3.2
  checksum: 7a74841f3024cac21d8c3cca7f7f2e4243fbd62464d2f291fddb94008a9d010e20c4a1488f4224b03412a4438a699db2a3de11019e486c8e656f86b0b79bf022
  languageName: node
  linkType: hard

"runes@npm:^0.4.3":
  version: 0.4.3
  resolution: "runes@npm:0.4.3"
  checksum: 4fd8fd064058777ed50f8d7597f7d0f505783300d4491e569b205471ddb2955a8f5c8d86fe5589d1b5c20d0e683d15b02bb8c60a8c27f376231a0708f1f2b725
  languageName: node
  linkType: hard

"safe-buffer@npm:^5.0.1, safe-buffer@npm:^5.1.2":
  version: 5.2.1
  resolution: "safe-buffer@npm:5.2.1"
  checksum: 0bb57f0d8f9d1fa4fe35ad8a2db1f83a027d48f2822d59ede88fd5cd4ddad83c0b497213feb7a70fbf90597a70c5217f735b0eb1850df40ce9b4ae81dd22b3f9
  languageName: node
  linkType: hard

"safer-buffer@npm:>= 2.1.2 < 3, safer-buffer@npm:^2.0.2, safer-buffer@npm:^2.1.0, safer-buffer@npm:~2.1.0":
  version: 2.1.2
  resolution: "safer-buffer@npm:2.1.2"
  checksum: 549ba83f5b314b59898efe3422120ce1ca7987a6eae5925a5fa5db930dc414d4a9dde0a5594f89638cd6ea60b6840ea961872908933ac2428d1726489db46fa5
  languageName: node
  linkType: hard

"sax@npm:^1.2.4":
  version: 1.2.4
  resolution: "sax@npm:1.2.4"
  checksum: 9d7668d69105e89e2c1a4b2fdc12c72e1a2f78b825f7b4a8a2ea5cdfebf70920bd17715bed55264c3b3959616a0695f8ad2d098bf6944fbd0953ee9c695dceef
  languageName: node
  linkType: hard

"sleep-atomic@npm:^0.9.7":
  version: 0.9.7
  resolution: "sleep-atomic@npm:0.9.7"
  bin:
    sleep: server.js
  checksum: 10bb532d51ed97dd02eb8ee2e4d00e61dc86036b63b9df10b267fd72561f2c69a720b2ff884b25ce7d945b0d3714856d5c240d4ed6fe23faf07a509b5887a13e
  languageName: node
  linkType: hard

"spongescribe@workspace:.":
  version: 0.0.0-use.local
  resolution: "spongescribe@workspace:."
  dependencies:
    dotenv: ^8.2.0
    fs: ^0.0.1-security
    prettier: ^2.0.5
    sleep-atomic: ^0.9.7
    twitter-autohook: ^1.7.1
    twitter-tweet: ^0.1.1
  languageName: unknown
  linkType: soft

"sshpk@npm:^1.7.0":
  version: 1.16.1
  resolution: "sshpk@npm:1.16.1"
  dependencies:
    asn1: ~0.2.3
    assert-plus: ^1.0.0
    bcrypt-pbkdf: ^1.0.0
    dashdash: ^1.12.0
    ecc-jsbn: ~0.1.1
    getpass: ^0.1.1
    jsbn: ~0.1.0
    safer-buffer: ^2.0.2
    tweetnacl: ~0.14.0
  bin:
    sshpk-conv: bin/sshpk-conv
    sshpk-sign: bin/sshpk-sign
    sshpk-verify: bin/sshpk-verify
  checksum: 4bd7422634ec3730404186179e5d9ba913accc64449f18d594b3a757a3b81000719adc94cf0c93a7b3da42487ae42404a1f37bfaa7908a60743d4478382b9d78
  languageName: node
  linkType: hard

"stealthy-require@npm:^1.1.1":
  version: 1.1.1
  resolution: "stealthy-require@npm:1.1.1"
  checksum: f24a9bc613817dea37afcbf64578f2ba0195916d906ebdaa1c1d5b8e9d51fd462cbf4c61ae04217babd0cf662e6c0115fd972dffa8e62a7f6f44f3109fb4c796
  languageName: node
  linkType: hard

"string_decoder@npm:~0.10.x":
  version: 0.10.31
  resolution: "string_decoder@npm:0.10.31"
  checksum: ae53bca3796913fe686c6b519299a3631d04f0d388f35e7412914e3d351024f711d783d0415babfec276f5f533e84fae687e77220829d872fadb5bb9f7190890
  languageName: node
  linkType: hard

"touch@npm:0.0.3":
  version: 0.0.3
  resolution: "touch@npm:0.0.3"
  dependencies:
    nopt: ~1.0.10
  checksum: c0a8bad7b193f52764507482caf032852bc86a4adb97bf931e642a391840293a4d55c0d7a0c2b9af1a731166ccc6d33503fbf888413ba8c0af02e6a826569d6e
  languageName: node
  linkType: hard

"tough-cookie@npm:^2.3.3, tough-cookie@npm:~2.5.0":
  version: 2.5.0
  resolution: "tough-cookie@npm:2.5.0"
  dependencies:
    psl: ^1.1.28
    punycode: ^2.1.1
  checksum: bf5d6fac5ce0bebc5876cb9b9a79d3d9ea21c9e4099f3d3e64701d6ba170a052cb88cece6737ec2473bac4f0a4f6c75d46ec17985be8587c6bbdd38d91625cb4
  languageName: node
  linkType: hard

"traverse@npm:>=0.3.0 <0.4":
  version: 0.3.9
  resolution: "traverse@npm:0.3.9"
  checksum: f2f99aa18539e8a1420b41456ad931bd5c2c8091bb993416b4ae9d234edc82052dac5d61cb422b2053101f67e804a1bdf022bff7436b7fa4ac518a7aff6f7cc3
  languageName: node
  linkType: hard

"tunnel-agent@npm:^0.6.0":
  version: 0.6.0
  resolution: "tunnel-agent@npm:0.6.0"
  dependencies:
    safe-buffer: ^5.0.1
  checksum: 03db75a4f994fee610d3485c492e95105ed265a9fecd49d14c98e9982f973ecc0220d0c1bc264e37802e423a1274bb63788a873e4e07009408ae3ac517347fd7
  languageName: node
  linkType: hard

"tweetnacl@npm:^0.14.3, tweetnacl@npm:~0.14.0":
  version: 0.14.5
  resolution: "tweetnacl@npm:0.14.5"
  checksum: e1c9d52e2e9f582fd0df9ea26ba5a9ab88b9a38b69625d8e55c5e8870a4832ac8c32f8854b41fce7b59f97258bb103535363f9eda7050aa70e75824b972c7dde
  languageName: node
  linkType: hard

"twitter-autohook@npm:^1.7.1":
  version: 1.7.1
  resolution: "twitter-autohook@npm:1.7.1"
  dependencies:
    commander: ^2.20.0
    dotenv: ^8.0.0
    needle: ^2.3.3
    ngrok: ^3.2.1
    nock: ^12.0.2
  bin:
    autohook: ./cli.js
  checksum: c73346b62b0beb265bef1f1495a90f3e945037f15ace63e29d124d5b0e59137b18a19c78cf91cbdaa477467eb88cdd16f8107a866b7a70ea1e130cb351a978ac
  languageName: node
  linkType: hard

"twitter-lite@npm:^0.14.0":
  version: 0.14.0
  resolution: "twitter-lite@npm:0.14.0"
  dependencies:
    cross-fetch: ^3.0.0
    oauth-1.0a: ^2.2.4
  checksum: 7a0aca5b2411f671304c9f01f76c9fd673e9b32a7cdf01b56edfa8fb1cd28158077d668a71aa8de2f8e436f09334c37eca9d88b44813cd6b4dc10177485e37e2
  languageName: node
  linkType: hard

"twitter-tweet@npm:^0.1.1":
  version: 0.1.1
  resolution: "twitter-tweet@npm:0.1.1"
  dependencies:
    "@dezren39/chunk-text": ^1.1.1
    twitter-lite: ^0.14.0
  peerDependencies:
    dotenv: ^8.2.0
  bin:
    tweet: bin/server.js
  checksum: bdb606c080eeb0bf90153893f6dcc6710a6d090afa90b851d757dbbfcb7c46341182d83f72c1ba93309da4feadf63b8809adba614b09ab66a0da9c53ac52fe22
  languageName: node
  linkType: hard

"uri-js@npm:^4.2.2":
  version: 4.2.2
  resolution: "uri-js@npm:4.2.2"
  dependencies:
    punycode: ^2.1.0
  checksum: 651a49f55d6d65a15e589ed5ffa23bf99e495699e246c1c3fecbe6f232c675589fdae4e93a88608525ff130f39b6fb854c19982820813a2d94c005c11eafd7ed
  languageName: node
  linkType: hard

"uuid@npm:^3.3.2":
  version: 3.4.0
  resolution: "uuid@npm:3.4.0"
  bin:
    uuid: ./bin/uuid
  checksum: 1ce3f37e214d6d0dc94a6a9663a0365013ace66bc3fd5b203e6f5d2eeb978aaee1192367222386345d30b4c6a447928c501121aa84c637724bf105ef57284949
  languageName: node
  linkType: hard

"verror@npm:1.10.0":
  version: 1.10.0
  resolution: "verror@npm:1.10.0"
  dependencies:
    assert-plus: ^1.0.0
    core-util-is: 1.0.2
    extsprintf: ^1.2.0
  checksum: 38ea80312cb42e5e8b4ac562d108d675b2354a79f8f125d363671f692657461b9181fd26f4fc9acdca433f8afee099cb78058806e1303e6b15b8fb022affba94
  languageName: node
  linkType: hard
